{
  "version": 4,
  "terraform_version": "1.2.5",
  "serial": 412,
  "lineage": "b0df47a0-d256-6134-4511-f03602a00ebf",
  "outputs": {
    "private_ip_master": {
      "value": "10.0.10.10",
      "type": "string"
    },
    "private_ip_nfs": {
      "value": "10.0.10.12",
      "type": "string"
    },
    "private_ip_worker": {
      "value": "10.0.10.11",
      "type": "string"
    },
    "public_ip_master": {
      "value": "20.254.96.223",
      "type": "string"
    },
    "public_ip_nfs": {
      "value": "20.254.97.191",
      "type": "string"
    },
    "public_ip_worker": {
      "value": "20.254.97.128",
      "type": "string"
    },
    "resource_group_id": {
      "value": "/subscriptions/10398870-f8a7-4284-9317-a78477bd3633/resourceGroups/rg-pozuelo",
      "type": "string"
    },
    "vm_id_master": {
      "value": "/subscriptions/10398870-f8a7-4284-9317-a78477bd3633/resourceGroups/rg-pozuelo/providers/Microsoft.Compute/virtualMachines/vmMaster",
      "type": "string"
    },
    "vm_id_nfs": {
      "value": "/subscriptions/10398870-f8a7-4284-9317-a78477bd3633/resourceGroups/rg-pozuelo/providers/Microsoft.Compute/virtualMachines/vmNFS",
      "type": "string"
    },
    "vm_id_worker": {
      "value": "/subscriptions/10398870-f8a7-4284-9317-a78477bd3633/resourceGroups/rg-pozuelo/providers/Microsoft.Compute/virtualMachines/vmWorker",
      "type": "string"
    }
  },
  "resources": [
    {
      "mode": "managed",
      "type": "azurerm_linux_virtual_machine",
      "name": "vm_master",
      "provider": "provider[\"registry.terraform.io/hashicorp/azurerm\"]",
      "instances": [
        {
          "schema_version": 0,
          "attributes": {
            "additional_capabilities": [],
            "admin_password": null,
            "admin_ssh_key": [
              {
                "public_key": "ssh-rsa AAAAB3NzaC1yc2EAAAADAQABAAABgQC5k0MSBr3UhuKBB6tyK0tVwbgBuG+1CbV6LY7xP1Wu4JeAGGzhmePBWvpkkAhVOIHbRKIQtm63ra44mpVO/ndsv8kYiW2U+Wo3wIWZjgIj6lp3+KypN9BHPk2cfCkFKLLGwtjDielIfnb7yHgUvkD4HYzJ76/lkdgI8/q6a0vHdVzxCj0iLoBmt6BElyCoP9nX13Y12Dfu/V2g9Z1c1dwg1lYgVVk1dJ9w+eElsidkDxK1EYpYUZS0BGRuqmT5dWUeZlZD9EJRgHDYozLrBBeX7rUWvEKWX+SXzrCZOXaD0O7BJ6u0p/9U3BDEmAMBUVo+R+/UZOP+0XzbNppbxIDSETJMoZPY0zwdE2GMYgEmfjN8psF+ZILHM2XmFSNE4W75r9J0YoIvgTHnyTQcLD6Nh9Xo4bwvc0Q4Vx5cVbRjgtx3uG+v+2KNwRCtP8enOehAjio/306m2pO8uR9//LfK/zt3FssZdSDwO16tza0sLPMRAdZCUuxz3vKNcv5mjbk= root@fd88c40de3e5\n",
                "username": "ansible"
              }
            ],
            "admin_username": "ansible",
            "allow_extension_operations": true,
            "availability_set_id": "",
            "boot_diagnostics": [],
            "computer_name": "vmMaster",
            "custom_data": null,
            "dedicated_host_group_id": "",
            "dedicated_host_id": "",
            "disable_password_authentication": true,
            "edge_zone": "",
            "encryption_at_host_enabled": false,
            "eviction_policy": "",
            "extensions_time_budget": "PT1H30M",
            "id": "/subscriptions/10398870-f8a7-4284-9317-a78477bd3633/resourceGroups/rg-pozuelo/providers/Microsoft.Compute/virtualMachines/vmMaster",
            "identity": [],
            "license_type": "",
            "location": "uksouth",
            "max_bid_price": -1,
            "name": "vmMaster",
            "network_interface_ids": [
              "/subscriptions/10398870-f8a7-4284-9317-a78477bd3633/resourceGroups/rg-pozuelo/providers/Microsoft.Network/networkInterfaces/vnicMaster"
            ],
            "os_disk": [
              {
                "caching": "ReadWrite",
                "diff_disk_settings": [],
                "disk_encryption_set_id": "",
                "disk_size_gb": 30,
                "name": "vmMaster_disk1_8a6f09c1f90542c48094bc1097ff9401",
                "secure_vm_disk_encryption_set_id": "",
                "security_encryption_type": "",
                "storage_account_type": "Standard_LRS",
                "write_accelerator_enabled": false
              }
            ],
            "patch_mode": "ImageDefault",
            "plan": [
              {
                "name": "centos-8-stream-free",
                "product": "centos-8-stream-free",
                "publisher": "cognosys"
              }
            ],
            "platform_fault_domain": -1,
            "priority": "Regular",
            "private_ip_address": "10.0.10.10",
            "private_ip_addresses": [
              "10.0.10.10"
            ],
            "provision_vm_agent": true,
            "proximity_placement_group_id": "",
            "public_ip_address": "20.254.96.223",
            "public_ip_addresses": [
              "20.254.96.223"
            ],
            "resource_group_name": "rg-pozuelo",
            "secret": [],
            "secure_boot_enabled": false,
            "size": "Standard_F2s_v2",
            "source_image_id": "",
            "source_image_reference": [
              {
                "offer": "centos-8-stream-free",
                "publisher": "cognosys",
                "sku": "centos-8-stream-free",
                "version": "22.03.28"
              }
            ],
            "tags": null,
            "termination_notification": null,
            "timeouts": null,
            "user_data": "",
            "virtual_machine_id": "240f3608-948d-49af-8283-c38734325b9d",
            "virtual_machine_scale_set_id": "",
            "vtpm_enabled": false,
            "zone": ""
          },
          "sensitive_attributes": [],
          "private": "eyJlMmJmYjczMC1lY2FhLTExZTYtOGY4OC0zNDM2M2JjN2M0YzAiOnsiY3JlYXRlIjoyNzAwMDAwMDAwMDAwLCJkZWxldGUiOjI3MDAwMDAwMDAwMDAsInJlYWQiOjMwMDAwMDAwMDAwMCwidXBkYXRlIjoyNzAwMDAwMDAwMDAwfX0=",
          "dependencies": [
            "azurerm_network_interface.nic_master",
            "azurerm_public_ip.ip_public_master",
            "azurerm_resource_group.rg",
            "azurerm_subnet.subnet",
            "azurerm_virtual_network.vnet"
          ]
        }
      ]
    },
    {
      "mode": "managed",
      "type": "azurerm_linux_virtual_machine",
      "name": "vm_nfs",
      "provider": "provider[\"registry.terraform.io/hashicorp/azurerm\"]",
      "instances": [
        {
          "schema_version": 0,
          "attributes": {
            "additional_capabilities": [],
            "admin_password": null,
            "admin_ssh_key": [
              {
                "public_key": "ssh-rsa AAAAB3NzaC1yc2EAAAADAQABAAABgQC5k0MSBr3UhuKBB6tyK0tVwbgBuG+1CbV6LY7xP1Wu4JeAGGzhmePBWvpkkAhVOIHbRKIQtm63ra44mpVO/ndsv8kYiW2U+Wo3wIWZjgIj6lp3+KypN9BHPk2cfCkFKLLGwtjDielIfnb7yHgUvkD4HYzJ76/lkdgI8/q6a0vHdVzxCj0iLoBmt6BElyCoP9nX13Y12Dfu/V2g9Z1c1dwg1lYgVVk1dJ9w+eElsidkDxK1EYpYUZS0BGRuqmT5dWUeZlZD9EJRgHDYozLrBBeX7rUWvEKWX+SXzrCZOXaD0O7BJ6u0p/9U3BDEmAMBUVo+R+/UZOP+0XzbNppbxIDSETJMoZPY0zwdE2GMYgEmfjN8psF+ZILHM2XmFSNE4W75r9J0YoIvgTHnyTQcLD6Nh9Xo4bwvc0Q4Vx5cVbRjgtx3uG+v+2KNwRCtP8enOehAjio/306m2pO8uR9//LfK/zt3FssZdSDwO16tza0sLPMRAdZCUuxz3vKNcv5mjbk= root@fd88c40de3e5\n",
                "username": "ansible"
              }
            ],
            "admin_username": "ansible",
            "allow_extension_operations": true,
            "availability_set_id": "",
            "boot_diagnostics": [],
            "computer_name": "vmNFS",
            "custom_data": null,
            "dedicated_host_group_id": "",
            "dedicated_host_id": "",
            "disable_password_authentication": true,
            "edge_zone": "",
            "encryption_at_host_enabled": false,
            "eviction_policy": "",
            "extensions_time_budget": "PT1H30M",
            "id": "/subscriptions/10398870-f8a7-4284-9317-a78477bd3633/resourceGroups/rg-pozuelo/providers/Microsoft.Compute/virtualMachines/vmNFS",
            "identity": [],
            "license_type": "",
            "location": "uksouth",
            "max_bid_price": -1,
            "name": "vmNFS",
            "network_interface_ids": [
              "/subscriptions/10398870-f8a7-4284-9317-a78477bd3633/resourceGroups/rg-pozuelo/providers/Microsoft.Network/networkInterfaces/vnicNFS"
            ],
            "os_disk": [
              {
                "caching": "ReadWrite",
                "diff_disk_settings": [],
                "disk_encryption_set_id": "",
                "disk_size_gb": 30,
                "name": "vmNFS_OsDisk_1_4e90849462c0401fa7dce3141bd4282c",
                "secure_vm_disk_encryption_set_id": "",
                "security_encryption_type": "",
                "storage_account_type": "Standard_LRS",
                "write_accelerator_enabled": false
              }
            ],
            "patch_mode": "ImageDefault",
            "plan": [
              {
                "name": "centos-8-stream-free",
                "product": "centos-8-stream-free",
                "publisher": "cognosys"
              }
            ],
            "platform_fault_domain": -1,
            "priority": "Regular",
            "private_ip_address": "10.0.10.12",
            "private_ip_addresses": [
              "10.0.10.12"
            ],
            "provision_vm_agent": true,
            "proximity_placement_group_id": "",
            "public_ip_address": "20.254.97.191",
            "public_ip_addresses": [
              "20.254.97.191"
            ],
            "resource_group_name": "rg-pozuelo",
            "secret": [],
            "secure_boot_enabled": false,
            "size": "Standard_F2",
            "source_image_id": "",
            "source_image_reference": [
              {
                "offer": "centos-8-stream-free",
                "publisher": "cognosys",
                "sku": "centos-8-stream-free",
                "version": "22.03.28"
              }
            ],
            "tags": null,
            "termination_notification": null,
            "timeouts": null,
            "user_data": "",
            "virtual_machine_id": "bed3396a-4787-4966-b01a-4e570f610874",
            "virtual_machine_scale_set_id": "",
            "vtpm_enabled": false,
            "zone": ""
          },
          "sensitive_attributes": [],
          "private": "eyJlMmJmYjczMC1lY2FhLTExZTYtOGY4OC0zNDM2M2JjN2M0YzAiOnsiY3JlYXRlIjoyNzAwMDAwMDAwMDAwLCJkZWxldGUiOjI3MDAwMDAwMDAwMDAsInJlYWQiOjMwMDAwMDAwMDAwMCwidXBkYXRlIjoyNzAwMDAwMDAwMDAwfX0=",
          "dependencies": [
            "azurerm_network_interface.nic_nfs",
            "azurerm_public_ip.ip_public_nfs",
            "azurerm_resource_group.rg",
            "azurerm_subnet.subnet",
            "azurerm_virtual_network.vnet"
          ]
        }
      ]
    },
    {
      "mode": "managed",
      "type": "azurerm_linux_virtual_machine",
      "name": "vm_worker",
      "provider": "provider[\"registry.terraform.io/hashicorp/azurerm\"]",
      "instances": [
        {
          "schema_version": 0,
          "attributes": {
            "additional_capabilities": [],
            "admin_password": null,
            "admin_ssh_key": [
              {
                "public_key": "ssh-rsa AAAAB3NzaC1yc2EAAAADAQABAAABgQC5k0MSBr3UhuKBB6tyK0tVwbgBuG+1CbV6LY7xP1Wu4JeAGGzhmePBWvpkkAhVOIHbRKIQtm63ra44mpVO/ndsv8kYiW2U+Wo3wIWZjgIj6lp3+KypN9BHPk2cfCkFKLLGwtjDielIfnb7yHgUvkD4HYzJ76/lkdgI8/q6a0vHdVzxCj0iLoBmt6BElyCoP9nX13Y12Dfu/V2g9Z1c1dwg1lYgVVk1dJ9w+eElsidkDxK1EYpYUZS0BGRuqmT5dWUeZlZD9EJRgHDYozLrBBeX7rUWvEKWX+SXzrCZOXaD0O7BJ6u0p/9U3BDEmAMBUVo+R+/UZOP+0XzbNppbxIDSETJMoZPY0zwdE2GMYgEmfjN8psF+ZILHM2XmFSNE4W75r9J0YoIvgTHnyTQcLD6Nh9Xo4bwvc0Q4Vx5cVbRjgtx3uG+v+2KNwRCtP8enOehAjio/306m2pO8uR9//LfK/zt3FssZdSDwO16tza0sLPMRAdZCUuxz3vKNcv5mjbk= root@fd88c40de3e5\n",
                "username": "ansible"
              }
            ],
            "admin_username": "ansible",
            "allow_extension_operations": true,
            "availability_set_id": "",
            "boot_diagnostics": [],
            "computer_name": "vmWorker",
            "custom_data": null,
            "dedicated_host_group_id": "",
            "dedicated_host_id": "",
            "disable_password_authentication": true,
            "edge_zone": "",
            "encryption_at_host_enabled": false,
            "eviction_policy": "",
            "extensions_time_budget": "PT1H30M",
            "id": "/subscriptions/10398870-f8a7-4284-9317-a78477bd3633/resourceGroups/rg-pozuelo/providers/Microsoft.Compute/virtualMachines/vmWorker",
            "identity": [],
            "license_type": "",
            "location": "uksouth",
            "max_bid_price": -1,
            "name": "vmWorker",
            "network_interface_ids": [
              "/subscriptions/10398870-f8a7-4284-9317-a78477bd3633/resourceGroups/rg-pozuelo/providers/Microsoft.Network/networkInterfaces/vnicWorker"
            ],
            "os_disk": [
              {
                "caching": "ReadWrite",
                "diff_disk_settings": [],
                "disk_encryption_set_id": "",
                "disk_size_gb": 30,
                "name": "vmWorker_disk1_701123ae5b9b45fba5a91f658e3546c3",
                "secure_vm_disk_encryption_set_id": "",
                "security_encryption_type": "",
                "storage_account_type": "Standard_LRS",
                "write_accelerator_enabled": false
              }
            ],
            "patch_mode": "ImageDefault",
            "plan": [
              {
                "name": "centos-8-stream-free",
                "product": "centos-8-stream-free",
                "publisher": "cognosys"
              }
            ],
            "platform_fault_domain": -1,
            "priority": "Regular",
            "private_ip_address": "10.0.10.11",
            "private_ip_addresses": [
              "10.0.10.11"
            ],
            "provision_vm_agent": true,
            "proximity_placement_group_id": "",
            "public_ip_address": "20.254.97.128",
            "public_ip_addresses": [
              "20.254.97.128"
            ],
            "resource_group_name": "rg-pozuelo",
            "secret": [],
            "secure_boot_enabled": false,
            "size": "Standard_F2s_v2",
            "source_image_id": "",
            "source_image_reference": [
              {
                "offer": "centos-8-stream-free",
                "publisher": "cognosys",
                "sku": "centos-8-stream-free",
                "version": "22.03.28"
              }
            ],
            "tags": null,
            "termination_notification": null,
            "timeouts": null,
            "user_data": "",
            "virtual_machine_id": "c9decca7-8498-418d-9a1b-9d0fae277b96",
            "virtual_machine_scale_set_id": "",
            "vtpm_enabled": false,
            "zone": ""
          },
          "sensitive_attributes": [],
          "private": "eyJlMmJmYjczMC1lY2FhLTExZTYtOGY4OC0zNDM2M2JjN2M0YzAiOnsiY3JlYXRlIjoyNzAwMDAwMDAwMDAwLCJkZWxldGUiOjI3MDAwMDAwMDAwMDAsInJlYWQiOjMwMDAwMDAwMDAwMCwidXBkYXRlIjoyNzAwMDAwMDAwMDAwfX0=",
          "dependencies": [
            "azurerm_network_interface.nic_worker",
            "azurerm_public_ip.ip_public_worker",
            "azurerm_resource_group.rg",
            "azurerm_subnet.subnet",
            "azurerm_virtual_network.vnet"
          ]
        }
      ]
    },
    {
      "mode": "managed",
      "type": "azurerm_network_interface",
      "name": "nic_master",
      "provider": "provider[\"registry.terraform.io/hashicorp/azurerm\"]",
      "instances": [
        {
          "schema_version": 0,
          "attributes": {
            "applied_dns_servers": [],
            "dns_servers": [],
            "edge_zone": "",
            "enable_accelerated_networking": false,
            "enable_ip_forwarding": false,
            "id": "/subscriptions/10398870-f8a7-4284-9317-a78477bd3633/resourceGroups/rg-pozuelo/providers/Microsoft.Network/networkInterfaces/vnicMaster",
            "internal_dns_name_label": "",
            "internal_domain_name_suffix": "oboz0k010zluda44fdnl4z5jmh.zx.internal.cloudapp.net",
            "ip_configuration": [
              {
                "gateway_load_balancer_frontend_ip_configuration_id": "",
                "name": "internal",
                "primary": true,
                "private_ip_address": "10.0.10.10",
                "private_ip_address_allocation": "Static",
                "private_ip_address_version": "IPv4",
                "public_ip_address_id": "/subscriptions/10398870-f8a7-4284-9317-a78477bd3633/resourceGroups/rg-pozuelo/providers/Microsoft.Network/publicIPAddresses/PublicIpMaster",
                "subnet_id": "/subscriptions/10398870-f8a7-4284-9317-a78477bd3633/resourceGroups/rg-pozuelo/providers/Microsoft.Network/virtualNetworks/vnet-pozuelo/subnets/subnet-pozuelo"
              }
            ],
            "location": "uksouth",
            "mac_address": "",
            "name": "vnicMaster",
            "private_ip_address": "10.0.10.10",
            "private_ip_addresses": [
              "10.0.10.10"
            ],
            "resource_group_name": "rg-pozuelo",
            "tags": null,
            "timeouts": null,
            "virtual_machine_id": ""
          },
          "sensitive_attributes": [],
          "private": "eyJlMmJmYjczMC1lY2FhLTExZTYtOGY4OC0zNDM2M2JjN2M0YzAiOnsiY3JlYXRlIjoxODAwMDAwMDAwMDAwLCJkZWxldGUiOjE4MDAwMDAwMDAwMDAsInJlYWQiOjMwMDAwMDAwMDAwMCwidXBkYXRlIjoxODAwMDAwMDAwMDAwfX0=",
          "dependencies": [
            "azurerm_public_ip.ip_public_master",
            "azurerm_resource_group.rg",
            "azurerm_subnet.subnet",
            "azurerm_virtual_network.vnet"
          ]
        }
      ]
    },
    {
      "mode": "managed",
      "type": "azurerm_network_interface",
      "name": "nic_nfs",
      "provider": "provider[\"registry.terraform.io/hashicorp/azurerm\"]",
      "instances": [
        {
          "schema_version": 0,
          "attributes": {
            "applied_dns_servers": [],
            "dns_servers": [],
            "edge_zone": "",
            "enable_accelerated_networking": false,
            "enable_ip_forwarding": false,
            "id": "/subscriptions/10398870-f8a7-4284-9317-a78477bd3633/resourceGroups/rg-pozuelo/providers/Microsoft.Network/networkInterfaces/vnicNFS",
            "internal_dns_name_label": "",
            "internal_domain_name_suffix": "oboz0k010zluda44fdnl4z5jmh.zx.internal.cloudapp.net",
            "ip_configuration": [
              {
                "gateway_load_balancer_frontend_ip_configuration_id": "",
                "name": "internal",
                "primary": true,
                "private_ip_address": "10.0.10.12",
                "private_ip_address_allocation": "Static",
                "private_ip_address_version": "IPv4",
                "public_ip_address_id": "/subscriptions/10398870-f8a7-4284-9317-a78477bd3633/resourceGroups/rg-pozuelo/providers/Microsoft.Network/publicIPAddresses/PublicIpNFS",
                "subnet_id": "/subscriptions/10398870-f8a7-4284-9317-a78477bd3633/resourceGroups/rg-pozuelo/providers/Microsoft.Network/virtualNetworks/vnet-pozuelo/subnets/subnet-pozuelo"
              }
            ],
            "location": "uksouth",
            "mac_address": "",
            "name": "vnicNFS",
            "private_ip_address": "10.0.10.12",
            "private_ip_addresses": [
              "10.0.10.12"
            ],
            "resource_group_name": "rg-pozuelo",
            "tags": null,
            "timeouts": null,
            "virtual_machine_id": ""
          },
          "sensitive_attributes": [],
          "private": "eyJlMmJmYjczMC1lY2FhLTExZTYtOGY4OC0zNDM2M2JjN2M0YzAiOnsiY3JlYXRlIjoxODAwMDAwMDAwMDAwLCJkZWxldGUiOjE4MDAwMDAwMDAwMDAsInJlYWQiOjMwMDAwMDAwMDAwMCwidXBkYXRlIjoxODAwMDAwMDAwMDAwfX0=",
          "dependencies": [
            "azurerm_public_ip.ip_public_nfs",
            "azurerm_resource_group.rg",
            "azurerm_subnet.subnet",
            "azurerm_virtual_network.vnet"
          ]
        }
      ]
    },
    {
      "mode": "managed",
      "type": "azurerm_network_interface",
      "name": "nic_worker",
      "provider": "provider[\"registry.terraform.io/hashicorp/azurerm\"]",
      "instances": [
        {
          "schema_version": 0,
          "attributes": {
            "applied_dns_servers": [],
            "dns_servers": [],
            "edge_zone": "",
            "enable_accelerated_networking": false,
            "enable_ip_forwarding": false,
            "id": "/subscriptions/10398870-f8a7-4284-9317-a78477bd3633/resourceGroups/rg-pozuelo/providers/Microsoft.Network/networkInterfaces/vnicWorker",
            "internal_dns_name_label": "",
            "internal_domain_name_suffix": "oboz0k010zluda44fdnl4z5jmh.zx.internal.cloudapp.net",
            "ip_configuration": [
              {
                "gateway_load_balancer_frontend_ip_configuration_id": "",
                "name": "internal",
                "primary": true,
                "private_ip_address": "10.0.10.11",
                "private_ip_address_allocation": "Static",
                "private_ip_address_version": "IPv4",
                "public_ip_address_id": "/subscriptions/10398870-f8a7-4284-9317-a78477bd3633/resourceGroups/rg-pozuelo/providers/Microsoft.Network/publicIPAddresses/PublicIpWorker",
                "subnet_id": "/subscriptions/10398870-f8a7-4284-9317-a78477bd3633/resourceGroups/rg-pozuelo/providers/Microsoft.Network/virtualNetworks/vnet-pozuelo/subnets/subnet-pozuelo"
              }
            ],
            "location": "uksouth",
            "mac_address": "",
            "name": "vnicWorker",
            "private_ip_address": "10.0.10.11",
            "private_ip_addresses": [
              "10.0.10.11"
            ],
            "resource_group_name": "rg-pozuelo",
            "tags": null,
            "timeouts": null,
            "virtual_machine_id": ""
          },
          "sensitive_attributes": [],
          "private": "eyJlMmJmYjczMC1lY2FhLTExZTYtOGY4OC0zNDM2M2JjN2M0YzAiOnsiY3JlYXRlIjoxODAwMDAwMDAwMDAwLCJkZWxldGUiOjE4MDAwMDAwMDAwMDAsInJlYWQiOjMwMDAwMDAwMDAwMCwidXBkYXRlIjoxODAwMDAwMDAwMDAwfX0=",
          "dependencies": [
            "azurerm_public_ip.ip_public_worker",
            "azurerm_resource_group.rg",
            "azurerm_subnet.subnet",
            "azurerm_virtual_network.vnet"
          ]
        }
      ]
    },
    {
      "mode": "managed",
      "type": "azurerm_public_ip",
      "name": "ip_public_master",
      "provider": "provider[\"registry.terraform.io/hashicorp/azurerm\"]",
      "instances": [
        {
          "schema_version": 0,
          "attributes": {
            "allocation_method": "Static",
            "domain_name_label": null,
            "edge_zone": "",
            "fqdn": null,
            "id": "/subscriptions/10398870-f8a7-4284-9317-a78477bd3633/resourceGroups/rg-pozuelo/providers/Microsoft.Network/publicIPAddresses/PublicIpMaster",
            "idle_timeout_in_minutes": 4,
            "ip_address": "20.254.96.223",
            "ip_tags": null,
            "ip_version": "IPv4",
            "location": "uksouth",
            "name": "PublicIpMaster",
            "public_ip_prefix_id": null,
            "resource_group_name": "rg-pozuelo",
            "reverse_fqdn": null,
            "sku": "Basic",
            "sku_tier": "Regional",
            "tags": {
              "environment": "Master"
            },
            "timeouts": null,
            "zones": null
          },
          "sensitive_attributes": [],
          "private": "eyJlMmJmYjczMC1lY2FhLTExZTYtOGY4OC0zNDM2M2JjN2M0YzAiOnsiY3JlYXRlIjoxODAwMDAwMDAwMDAwLCJkZWxldGUiOjE4MDAwMDAwMDAwMDAsInJlYWQiOjMwMDAwMDAwMDAwMCwidXBkYXRlIjoxODAwMDAwMDAwMDAwfX0=",
          "dependencies": [
            "azurerm_resource_group.rg"
          ]
        }
      ]
    },
    {
      "mode": "managed",
      "type": "azurerm_public_ip",
      "name": "ip_public_nfs",
      "provider": "provider[\"registry.terraform.io/hashicorp/azurerm\"]",
      "instances": [
        {
          "schema_version": 0,
          "attributes": {
            "allocation_method": "Static",
            "domain_name_label": null,
            "edge_zone": "",
            "fqdn": null,
            "id": "/subscriptions/10398870-f8a7-4284-9317-a78477bd3633/resourceGroups/rg-pozuelo/providers/Microsoft.Network/publicIPAddresses/PublicIpNFS",
            "idle_timeout_in_minutes": 4,
            "ip_address": "20.254.97.191",
            "ip_tags": null,
            "ip_version": "IPv4",
            "location": "uksouth",
            "name": "PublicIpNFS",
            "public_ip_prefix_id": null,
            "resource_group_name": "rg-pozuelo",
            "reverse_fqdn": null,
            "sku": "Basic",
            "sku_tier": "Regional",
            "tags": {
              "environment": "NFS"
            },
            "timeouts": null,
            "zones": null
          },
          "sensitive_attributes": [],
          "private": "eyJlMmJmYjczMC1lY2FhLTExZTYtOGY4OC0zNDM2M2JjN2M0YzAiOnsiY3JlYXRlIjoxODAwMDAwMDAwMDAwLCJkZWxldGUiOjE4MDAwMDAwMDAwMDAsInJlYWQiOjMwMDAwMDAwMDAwMCwidXBkYXRlIjoxODAwMDAwMDAwMDAwfX0=",
          "dependencies": [
            "azurerm_resource_group.rg"
          ]
        }
      ]
    },
    {
      "mode": "managed",
      "type": "azurerm_public_ip",
      "name": "ip_public_worker",
      "provider": "provider[\"registry.terraform.io/hashicorp/azurerm\"]",
      "instances": [
        {
          "schema_version": 0,
          "attributes": {
            "allocation_method": "Static",
            "domain_name_label": null,
            "edge_zone": "",
            "fqdn": null,
            "id": "/subscriptions/10398870-f8a7-4284-9317-a78477bd3633/resourceGroups/rg-pozuelo/providers/Microsoft.Network/publicIPAddresses/PublicIpWorker",
            "idle_timeout_in_minutes": 4,
            "ip_address": "20.254.97.128",
            "ip_tags": null,
            "ip_version": "IPv4",
            "location": "uksouth",
            "name": "PublicIpWorker",
            "public_ip_prefix_id": null,
            "resource_group_name": "rg-pozuelo",
            "reverse_fqdn": null,
            "sku": "Basic",
            "sku_tier": "Regional",
            "tags": {
              "environment": "Worker"
            },
            "timeouts": null,
            "zones": null
          },
          "sensitive_attributes": [],
          "private": "eyJlMmJmYjczMC1lY2FhLTExZTYtOGY4OC0zNDM2M2JjN2M0YzAiOnsiY3JlYXRlIjoxODAwMDAwMDAwMDAwLCJkZWxldGUiOjE4MDAwMDAwMDAwMDAsInJlYWQiOjMwMDAwMDAwMDAwMCwidXBkYXRlIjoxODAwMDAwMDAwMDAwfX0=",
          "dependencies": [
            "azurerm_resource_group.rg"
          ]
        }
      ]
    },
    {
      "mode": "managed",
      "type": "azurerm_resource_group",
      "name": "rg",
      "provider": "provider[\"registry.terraform.io/hashicorp/azurerm\"]",
      "instances": [
        {
          "schema_version": 0,
          "attributes": {
            "id": "/subscriptions/10398870-f8a7-4284-9317-a78477bd3633/resourceGroups/rg-pozuelo",
            "location": "uksouth",
            "name": "rg-pozuelo",
            "tags": null,
            "timeouts": null
          },
          "sensitive_attributes": [],
          "private": "eyJlMmJmYjczMC1lY2FhLTExZTYtOGY4OC0zNDM2M2JjN2M0YzAiOnsiY3JlYXRlIjo1NDAwMDAwMDAwMDAwLCJkZWxldGUiOjU0MDAwMDAwMDAwMDAsInJlYWQiOjMwMDAwMDAwMDAwMCwidXBkYXRlIjo1NDAwMDAwMDAwMDAwfX0="
        }
      ]
    },
    {
      "mode": "managed",
      "type": "azurerm_subnet",
      "name": "subnet",
      "provider": "provider[\"registry.terraform.io/hashicorp/azurerm\"]",
      "instances": [
        {
          "schema_version": 0,
          "attributes": {
            "address_prefixes": [
              "10.0.10.0/24"
            ],
            "delegation": [],
            "enforce_private_link_endpoint_network_policies": false,
            "enforce_private_link_service_network_policies": false,
            "id": "/subscriptions/10398870-f8a7-4284-9317-a78477bd3633/resourceGroups/rg-pozuelo/providers/Microsoft.Network/virtualNetworks/vnet-pozuelo/subnets/subnet-pozuelo",
            "name": "subnet-pozuelo",
            "resource_group_name": "rg-pozuelo",
            "service_endpoint_policy_ids": null,
            "service_endpoints": null,
            "timeouts": null,
            "virtual_network_name": "vnet-pozuelo"
          },
          "sensitive_attributes": [],
          "private": "eyJlMmJmYjczMC1lY2FhLTExZTYtOGY4OC0zNDM2M2JjN2M0YzAiOnsiY3JlYXRlIjoxODAwMDAwMDAwMDAwLCJkZWxldGUiOjE4MDAwMDAwMDAwMDAsInJlYWQiOjMwMDAwMDAwMDAwMCwidXBkYXRlIjoxODAwMDAwMDAwMDAwfX0=",
          "dependencies": [
            "azurerm_resource_group.rg",
            "azurerm_virtual_network.vnet"
          ]
        }
      ]
    },
    {
      "mode": "managed",
      "type": "azurerm_virtual_network",
      "name": "vnet",
      "provider": "provider[\"registry.terraform.io/hashicorp/azurerm\"]",
      "instances": [
        {
          "schema_version": 0,
          "attributes": {
            "address_space": [
              "10.0.0.0/16"
            ],
            "bgp_community": "",
            "ddos_protection_plan": [],
            "dns_servers": [],
            "edge_zone": "",
            "flow_timeout_in_minutes": 0,
            "guid": "2b9d5d70-d65b-4157-83de-28dabf67e967",
            "id": "/subscriptions/10398870-f8a7-4284-9317-a78477bd3633/resourceGroups/rg-pozuelo/providers/Microsoft.Network/virtualNetworks/vnet-pozuelo",
            "location": "uksouth",
            "name": "vnet-pozuelo",
            "resource_group_name": "rg-pozuelo",
            "subnet": [],
            "tags": null,
            "timeouts": null
          },
          "sensitive_attributes": [],
          "private": "eyJlMmJmYjczMC1lY2FhLTExZTYtOGY4OC0zNDM2M2JjN2M0YzAiOnsiY3JlYXRlIjoxODAwMDAwMDAwMDAwLCJkZWxldGUiOjE4MDAwMDAwMDAwMDAsInJlYWQiOjMwMDAwMDAwMDAwMCwidXBkYXRlIjoxODAwMDAwMDAwMDAwfX0=",
          "dependencies": [
            "azurerm_resource_group.rg"
          ]
        }
      ]
    }
  ]
}
