root@536e18e71f38:/opt/terraform/terraform# terraform init

Initializing the backend...

Initializing provider plugins...
- Finding hashicorp/azurerm versions matching "~> 3.10.0"...
- Installing hashicorp/azurerm v3.10.0...
- Installed hashicorp/azurerm v3.10.0 (signed by HashiCorp)

Terraform has created a lock file .terraform.lock.hcl to record the provider
selections it made above. Include this file in your version control repository
so that Terraform can guarantee to make the same selections by default when
you run "terraform init" in the future.

Terraform has been successfully initialized!

You may now begin working with Terraform. Try running "terraform plan" to see
any changes that are required for your infrastructure. All Terraform commands
should now work.

If you ever set or change modules or backend configuration for Terraform,
rerun this command to reinitialize your working directory. If you forget, other
commands will detect it and remind you to do so if necessary.

root@536e18e71f38:/opt/terraform/terraform# terraform fmt

root@536e18e71f38:/opt/terraform/terraform# terraform validate
Success! The configuration is valid.

root@536e18e71f38:/opt/terraform/terraform# terraform plan -out=singleVM

Terraform used the selected providers to generate the following execution plan. Resource actions are indicated with the following symbols:
  + create

Terraform will perform the following actions:

  # azurerm_linux_virtual_machine.vm will be created
  + resource "azurerm_linux_virtual_machine" "vm" {
      + admin_username                  = "azureuser"
      + allow_extension_operations      = true
      + computer_name                   = (known after apply)
      + disable_password_authentication = true
      + extensions_time_budget          = "PT1H30M"
      + id                              = (known after apply)
      + location                        = "uksouth"
      + max_bid_price                   = -1
      + name                            = "vm1"
      + network_interface_ids           = (known after apply)
      + patch_mode                      = "ImageDefault"
      + platform_fault_domain           = -1
      + priority                        = "Regular"
      + private_ip_address              = (known after apply)
      + private_ip_addresses            = (known after apply)
      + provision_vm_agent              = true
      + public_ip_address               = (known after apply)
      + public_ip_addresses             = (known after apply)
      + resource_group_name             = "rg-pozuelo"
      + size                            = "Standard_F2"
      + virtual_machine_id              = (known after apply)

      + admin_ssh_key {
          + public_key = <<-EOT
                ssh-rsa AAAAB3NzaC1yc2EAAAADAQABAAABgQC5k0MSBr3UhuKBB6tyK0tVwbgBuG+1CbV6LY7xP1Wu4JeAGGzhmePBWvpkkAhVOIHbRKIQtm63ra44mpVO/ndsv8kYiW2U+Wo3wIWZjgIj6lp3+KypN9BHPk2cfCkFKLLGwtjDielIfnb7yHgUvkD4HYzJ76/lkdgI8/q6a0vHdVzxCj0iLoBmt6BElyCoP9nX13Y12Dfu/V2g9Z1c1dwg1lYgVVk1dJ9w+eElsidkDxK1EYpYUZS0BGRuqmT5dWUeZlZD9EJRgHDYozLrBBeX7rUWvEKWX+SXzrCZOXaD0O7BJ6u0p/9U3BDEmAMBUVo+R+/UZOP+0XzbNppbxIDSETJMoZPY0zwdE2GMYgEmfjN8psF+ZILHM2XmFSNE4W75r9J0YoIvgTHnyTQcLD6Nh9Xo4bwvc0Q4Vx5cVbRjgtx3uG+v+2KNwRCtP8enOehAjio/306m2pO8uR9//LfK/zt3FssZdSDwO16tza0sLPMRAdZCUuxz3vKNcv5mjbk= root@fd88c40de3e5
            EOT
          + username   = "azureuser"
        }

      + os_disk {
          + caching                   = "ReadWrite"
          + disk_size_gb              = (known after apply)
          + name                      = (known after apply)
          + storage_account_type      = "Standard_LRS"
          + write_accelerator_enabled = false
        }

      + plan {
          + name      = "centos-8-stream-free"
          + product   = "centos-8-stream-free"
          + publisher = "cognosys"
        }

      + source_image_reference {
          + offer     = "centos-8-stream-free"
          + publisher = "cognosys"
          + sku       = "centos-8-stream-free"
          + version   = "22.03.28"
        }

      + termination_notification {
          + enabled = (known after apply)
          + timeout = (known after apply)
        }
    }

  # azurerm_network_interface.nic will be created
  + resource "azurerm_network_interface" "nic" {
      + applied_dns_servers           = (known after apply)
      + dns_servers                   = (known after apply)
      + enable_accelerated_networking = false
      + enable_ip_forwarding          = false
      + id                            = (known after apply)
      + internal_dns_name_label       = (known after apply)
      + internal_domain_name_suffix   = (known after apply)
      + location                      = "uksouth"
      + mac_address                   = (known after apply)
      + name                          = "vnic"
      + private_ip_address            = (known after apply)
      + private_ip_addresses          = (known after apply)
      + resource_group_name           = "rg-pozuelo"
      + virtual_machine_id            = (known after apply)

      + ip_configuration {
          + gateway_load_balancer_frontend_ip_configuration_id = (known after apply)
          + name                                               = "internal"
          + primary                                            = (known after apply)
          + private_ip_address                                 = (known after apply)
          + private_ip_address_allocation                      = "Dynamic"
          + private_ip_address_version                         = "IPv4"
          + subnet_id                                          = (known after apply)
        }
    }

  # azurerm_resource_group.rg will be created
  + resource "azurerm_resource_group" "rg" {
      + id       = (known after apply)
      + location = "uksouth"
      + name     = "rg-pozuelo"
    }

  # azurerm_subnet.subnet will be created
  + resource "azurerm_subnet" "subnet" {
      + address_prefixes                               = [
          + "10.0.2.0/24",
        ]
      + enforce_private_link_endpoint_network_policies = false
      + enforce_private_link_service_network_policies  = false
      + id                                             = (known after apply)
      + name                                           = "subnet1"
      + resource_group_name                            = "rg-pozuelo"
      + virtual_network_name                           = "vnet1"
    }

  # azurerm_virtual_network.vnet will be created
  + resource "azurerm_virtual_network" "vnet" {
      + address_space       = [
          + "10.0.0.0/16",
        ]
      + dns_servers         = (known after apply)
      + guid                = (known after apply)
      + id                  = (known after apply)
      + location            = "uksouth"
      + name                = "vnet1"
      + resource_group_name = "rg-pozuelo"
      + subnet              = (known after apply)
    }

Plan: 5 to add, 0 to change, 0 to destroy.

Changes to Outputs:
  + resource_group_id = (known after apply)
  + vm_id             = (known after apply)

──────────────────────────────────────────────────────────────────────────────────────────────────────────────────────────────────────────────────────────────────────────────────────────────────────────────────────────────────────────

Saved the plan to: singleVM

To perform exactly these actions, run the following command to apply:
    terraform apply "singleVM"
root@536e18e71f38:/opt/terraform/terraform# terraform apply singleVM
azurerm_resource_group.rg: Creating...
azurerm_resource_group.rg: Creation complete after 1s [id=/subscriptions/10398870-f8a7-4284-9317-a78477bd3633/resourceGroups/rg-pozuelo]
azurerm_virtual_network.vnet: Creating...
azurerm_virtual_network.vnet: Creation complete after 5s [id=/subscriptions/10398870-f8a7-4284-9317-a78477bd3633/resourceGroups/rg-pozuelo/providers/Microsoft.Network/virtualNetworks/vnet1]
azurerm_subnet.subnet: Creating...
azurerm_subnet.subnet: Creation complete after 4s [id=/subscriptions/10398870-f8a7-4284-9317-a78477bd3633/resourceGroups/rg-pozuelo/providers/Microsoft.Network/virtualNetworks/vnet1/subnets/subnet1]
azurerm_network_interface.nic: Creating...
azurerm_network_interface.nic: Creation complete after 2s [id=/subscriptions/10398870-f8a7-4284-9317-a78477bd3633/resourceGroups/rg-pozuelo/providers/Microsoft.Network/networkInterfaces/vnic]
azurerm_linux_virtual_machine.vm: Creating...
azurerm_linux_virtual_machine.vm: Still creating... [10s elapsed]
azurerm_linux_virtual_machine.vm: Still creating... [20s elapsed]
azurerm_linux_virtual_machine.vm: Still creating... [30s elapsed]
azurerm_linux_virtual_machine.vm: Still creating... [40s elapsed]
azurerm_linux_virtual_machine.vm: Still creating... [50s elapsed]
azurerm_linux_virtual_machine.vm: Creation complete after 53s [id=/subscriptions/10398870-f8a7-4284-9317-a78477bd3633/resourceGroups/rg-pozuelo/providers/Microsoft.Compute/virtualMachines/vm1]

Apply complete! Resources: 5 added, 0 changed, 0 destroyed.

Outputs:

resource_group_id = "/subscriptions/10398870-f8a7-4284-9317-a78477bd3633/resourceGroups/rg-pozuelo"
vm_id = "/subscriptions/10398870-f8a7-4284-9317-a78477bd3633/resourceGroups/rg-pozuelo/providers/Microsoft.Compute/virtualMachines/vm1"
root@536e18e71f38:/opt/terraform/terraform#